{
  "name": "FinalProjectPasswordCheck",
  "lockfileVersion": 2,
  "requires": true,
  "packages": {
    "": {
      "dependencies": {
        "colorama": "^0.0.0",
        "paramiko": "^0.0.1"
      }
    },
    "node_modules/colorama": {
      "version": "0.0.0",
      "resolved": "https://registry.npmjs.org/colorama/-/colorama-0.0.0.tgz",
      "integrity": "sha512-w3/qUDXGmxj7knYBkiD9nSkSpu5wjE6beIzMLwzhw+xooBIZ0AXrAs/W8BQRnMlVoLA8SwCQLo334QX3/QOjpA=="
    },
    "node_modules/paramiko": {
      "version": "0.0.1",
      "resolved": "https://registry.npmjs.org/paramiko/-/paramiko-0.0.1.tgz",
      "integrity": "sha512-WdAHOKMqx6cioVfFgHSvkaZOT+bV1o3G9G8ThH/leECaKBXw4oMULU8ooGv7vGltRD8ylbk+CPwGAdy6AxjMRw=="
    }
  },
  "dependencies": {
    "colorama": {
      "version": "0.0.0",
      "resolved": "https://registry.npmjs.org/colorama/-/colorama-0.0.0.tgz",
      "integrity": "sha512-w3/qUDXGmxj7knYBkiD9nSkSpu5wjE6beIzMLwzhw+xooBIZ0AXrAs/W8BQRnMlVoLA8SwCQLo334QX3/QOjpA=="
    },
    "paramiko": {
      "version": "0.0.1",
      "resolved": "https://registry.npmjs.org/paramiko/-/paramiko-0.0.1.tgz",
      "integrity": "sha512-WdAHOKMqx6cioVfFgHSvkaZOT+bV1o3G9G8ThH/leECaKBXw4oMULU8ooGv7vGltRD8ylbk+CPwGAdy6AxjMRw=="
    }
  }
}
